
Microsoft Visual Studio Solution File, Format Version 12.00
# Visual Studio 14
VisualStudioVersion = 14.0.25420.1
MinimumVisualStudioVersion = 10.0.40219.1
Project("{FAE04EC0-301F-11D3-BF4B-00C04F79EFBC}") = "ADWebApp", "ADWebApp\ADWebApp.csproj", "{23A5D781-F291-4F28-B0B1-09BBC9713AA9}"
EndProject
Project("{FAE04EC0-301F-11D3-BF4B-00C04F79EFBC}") = "ADWebApp.Tests", "ADWebApp.Tests\ADWebApp.Tests.csproj", "{060C2FAC-2785-40A6-83B3-2E871172E3C4}"
EndProject
Global
	GlobalSection(SolutionConfigurationPlatforms) = preSolution
		Debug|Any CPU = Debug|Any CPU
		Release|Any CPU = Release|Any CPU
	EndGlobalSection
	GlobalSection(ProjectConfigurationPlatforms) = postSolution
		{23A5D781-F291-4F28-B0B1-09BBC9713AA9}.Debug|Any CPU.ActiveCfg = Debug|Any CPU
		{23A5D781-F291-4F28-B0B1-09BBC9713AA9}.Debug|Any CPU.Build.0 = Debug|Any CPU
		{23A5D781-F291-4F28-B0B1-09BBC9713AA9}.Release|Any CPU.ActiveCfg = Release|Any CPU
		{23A5D781-F291-4F28-B0B1-09BBC9713AA9}.Release|Any CPU.Build.0 = Release|Any CPU
		{060C2FAC-2785-40A6-83B3-2E871172E3C4}.Debug|Any CPU.ActiveCfg = Debug|Any CPU
		{060C2FAC-2785-40A6-83B3-2E871172E3C4}.Debug|Any CPU.Build.0 = Debug|Any CPU
		{060C2FAC-2785-40A6-83B3-2E871172E3C4}.Release|Any CPU.ActiveCfg = Release|Any CPU
		{060C2FAC-2785-40A6-83B3-2E871172E3C4}.Release|Any CPU.Build.0 = Release|Any CPU
	EndGlobalSection
	GlobalSection(SolutionProperties) = preSolution
		HideSolutionNode = FALSE
	EndGlobalSection
EndGlobal
